# THIS IS AN AUTOGENERATED FILE. DO NOT EDIT THIS FILE DIRECTLY.
# yarn lockfile v1


javax@^0.0.1:
  version "0.0.1"
  resolved "https://registry.yarnpkg.com/javax/-/javax-0.0.1.tgz#0aec3bd38f1284cea69c41468b339c9e073d5353"
  integrity sha512-cZsjL9Nhw2n8j05q2+Vyk+pB4w9SuCXZPcWFvy0Vq0KS/U2Nl51nOKpnbDkpg0gPdx55sw5ZMABFqNg3Z81qbQ==
